// !$*UTF8*$!
{
	archiveVersion = 1;
	classes = {
	};
	objectVersion = 50;
	objects = {

/* Begin PBXBuildFile section */
		676FE7C02497CF7000908291 /* GameCard.swift in Sources */ = {isa = PBXBuildFile; fileRef = 676FE7BF2497CF7000908291 /* GameCard.swift */; };
		67A6DAE62494DA0300CD83ED /* AppDelegate.swift in Sources */ = {isa = PBXBuildFile; fileRef = 67A6DAE52494DA0300CD83ED /* AppDelegate.swift */; };
		67A6DAE82494DA0300CD83ED /* SceneDelegate.swift in Sources */ = {isa = PBXBuildFile; fileRef = 67A6DAE72494DA0300CD83ED /* SceneDelegate.swift */; };
		67A6DAEC2494DA0500CD83ED /* Assets.xcassets in Resources */ = {isa = PBXBuildFile; fileRef = 67A6DAEB2494DA0500CD83ED /* Assets.xcassets */; };
		67A6DAEF2494DA0500CD83ED /* Preview Assets.xcassets in Resources */ = {isa = PBXBuildFile; fileRef = 67A6DAEE2494DA0500CD83ED /* Preview Assets.xcassets */; };
		67A6DAF22494DA0600CD83ED /* LaunchScreen.storyboard in Resources */ = {isa = PBXBuildFile; fileRef = 67A6DAF02494DA0600CD83ED /* LaunchScreen.storyboard */; };
		67A6DAFA2494DB5E00CD83ED /* Grid.swift in Sources */ = {isa = PBXBuildFile; fileRef = 67A6DAF92494DB5E00CD83ED /* Grid.swift */; };
		67A6DAFC2494DB7C00CD83ED /* GridLayout.swift in Sources */ = {isa = PBXBuildFile; fileRef = 67A6DAFB2494DB7C00CD83ED /* GridLayout.swift */; };
		67A6DAFE2494DBCE00CD83ED /* Array+Identifiable.swift in Sources */ = {isa = PBXBuildFile; fileRef = 67A6DAFD2494DBCE00CD83ED /* Array+Identifiable.swift */; };
		67A6DB002494DD1200CD83ED /* SetGame.swift in Sources */ = {isa = PBXBuildFile; fileRef = 67A6DAFF2494DD1200CD83ED /* SetGame.swift */; };
		67A6DB042494DDE400CD83ED /* SoloSetGame.swift in Sources */ = {isa = PBXBuildFile; fileRef = 67A6DB032494DDE400CD83ED /* SoloSetGame.swift */; };
		67A6DB062494DE2900CD83ED /* SoloSetGameView.swift in Sources */ = {isa = PBXBuildFile; fileRef = 67A6DB052494DE2900CD83ED /* SoloSetGameView.swift */; };
		67A6DB0A24953F2200CD83ED /* Figure.swift in Sources */ = {isa = PBXBuildFile; fileRef = 67A6DB0924953F2200CD83ED /* Figure.swift */; };
/* End PBXBuildFile section */

/* Begin PBXFileReference section */
		676FE7BF2497CF7000908291 /* GameCard.swift */ = {isa = PBXFileReference; lastKnownFileType = sourcecode.swift; path = GameCard.swift; sourceTree = "<group>"; };
		67A6DAE22494DA0300CD83ED /* Set Game.app */ = {isa = PBXFileReference; explicitFileType = wrapper.application; includeInIndex = 0; path = "Set Game.app"; sourceTree = BUILT_PRODUCTS_DIR; };
		67A6DAE52494DA0300CD83ED /* AppDelegate.swift */ = {isa = PBXFileReference; lastKnownFileType = sourcecode.swift; path = AppDelegate.swift; sourceTree = "<group>"; };
		67A6DAE72494DA0300CD83ED /* SceneDelegate.swift */ = {isa = PBXFileReference; lastKnownFileType = sourcecode.swift; path = SceneDelegate.swift; sourceTree = "<group>"; };
		67A6DAEB2494DA0500CD83ED /* Assets.xcassets */ = {isa = PBXFileReference; lastKnownFileType = folder.assetcatalog; path = Assets.xcassets; sourceTree = "<group>"; };
		67A6DAEE2494DA0500CD83ED /* Preview Assets.xcassets */ = {isa = PBXFileReference; lastKnownFileType = folder.assetcatalog; path = "Preview Assets.xcassets"; sourceTree = "<group>"; };
		67A6DAF12494DA0600CD83ED /* Base */ = {isa = PBXFileReference; lastKnownFileType = file.storyboard; name = Base; path = Base.lproj/LaunchScreen.storyboard; sourceTree = "<group>"; };
		67A6DAF32494DA0600CD83ED /* Info.plist */ = {isa = PBXFileReference; lastKnownFileType = text.plist.xml; path = Info.plist; sourceTree = "<group>"; };
		67A6DAF92494DB5E00CD83ED /* Grid.swift */ = {isa = PBXFileReference; fileEncoding = 4; lastKnownFileType = sourcecode.swift; path = Grid.swift; sourceTree = "<group>"; };
		67A6DAFB2494DB7C00CD83ED /* GridLayout.swift */ = {isa = PBXFileReference; fileEncoding = 4; lastKnownFileType = sourcecode.swift; path = GridLayout.swift; sourceTree = "<group>"; };
		67A6DAFD2494DBCE00CD83ED /* Array+Identifiable.swift */ = {isa = PBXFileReference; fileEncoding = 4; lastKnownFileType = sourcecode.swift; path = "Array+Identifiable.swift"; sourceTree = "<group>"; };
		67A6DAFF2494DD1200CD83ED /* SetGame.swift */ = {isa = PBXFileReference; lastKnownFileType = sourcecode.swift; path = SetGame.swift; sourceTree = "<group>"; };
		67A6DB032494DDE400CD83ED /* SoloSetGame.swift */ = {isa = PBXFileReference; lastKnownFileType = sourcecode.swift; path = SoloSetGame.swift; sourceTree = SOURCE_ROOT; };
		67A6DB052494DE2900CD83ED /* SoloSetGameView.swift */ = {isa = PBXFileReference; lastKnownFileType = sourcecode.swift; path = SoloSetGameView.swift; sourceTree = "<group>"; };
		67A6DB0924953F2200CD83ED /* Figure.swift */ = {isa = PBXFileReference; lastKnownFileType = sourcecode.swift; path = Figure.swift; sourceTree = "<group>"; };
/* End PBXFileReference section */

/* Begin PBXFrameworksBuildPhase section */
		67A6DADF2494DA0300CD83ED /* Frameworks */ = {
			isa = PBXFrameworksBuildPhase;
			buildActionMask = 2147483647;
			files = (
			);
			runOnlyForDeploymentPostprocessing = 0;
		};
/* End PBXFrameworksBuildPhase section */

/* Begin PBXGroup section */
		67A6DAD92494DA0300CD83ED = {
			isa = PBXGroup;
			children = (
				67A6DAE42494DA0300CD83ED /* Set Game */,
				67A6DAE32494DA0300CD83ED /* Products */,
			);
			sourceTree = "<group>";
		};
		67A6DAE32494DA0300CD83ED /* Products */ = {
			isa = PBXGroup;
			children = (
				67A6DAE22494DA0300CD83ED /* Set Game.app */,
			);
			name = Products;
			sourceTree = "<group>";
		};
		67A6DAE42494DA0300CD83ED /* Set Game */ = {
			isa = PBXGroup;
			children = (
				67A6DAE52494DA0300CD83ED /* AppDelegate.swift */,
				67A6DAE72494DA0300CD83ED /* SceneDelegate.swift */,
				67A6DB052494DE2900CD83ED /* SoloSetGameView.swift */,
				67A6DB032494DDE400CD83ED /* SoloSetGame.swift */,
				67A6DAFF2494DD1200CD83ED /* SetGame.swift */,
				67A6DB0924953F2200CD83ED /* Figure.swift */,
				676FE7BF2497CF7000908291 /* GameCard.swift */,
				67A6DAFB2494DB7C00CD83ED /* GridLayout.swift */,
				67A6DAF92494DB5E00CD83ED /* Grid.swift */,
				67A6DAFD2494DBCE00CD83ED /* Array+Identifiable.swift */,
				67A6DAEB2494DA0500CD83ED /* Assets.xcassets */,
				67A6DAF02494DA0600CD83ED /* LaunchScreen.storyboard */,
				67A6DAF32494DA0600CD83ED /* Info.plist */,
				67A6DAED2494DA0500CD83ED /* Preview Content */,
			);
			path = "Set Game";
			sourceTree = "<group>";
		};
		67A6DAED2494DA0500CD83ED /* Preview Content */ = {
			isa = PBXGroup;
			children = (
				67A6DAEE2494DA0500CD83ED /* Preview Assets.xcassets */,
			);
			path = "Preview Content";
			sourceTree = "<group>";
		};
/* End PBXGroup section */

/* Begin PBXNativeTarget section */
		67A6DAE12494DA0300CD83ED /* Set Game */ = {
			isa = PBXNativeTarget;
			buildConfigurationList = 67A6DAF62494DA0600CD83ED /* Build configuration list for PBXNativeTarget "Set Game" */;
			buildPhases = (
				67A6DADE2494DA0300CD83ED /* Sources */,
				67A6DADF2494DA0300CD83ED /* Frameworks */,
				67A6DAE02494DA0300CD83ED /* Resources */,
			);
			buildRules = (
			);
			dependencies = (
			);
			name = "Set Game";
			productName = "Set Game";
			productReference = 67A6DAE22494DA0300CD83ED /* Set Game.app */;
			productType = "com.apple.product-type.application";
		};
/* End PBXNativeTarget section */

/* Begin PBXProject section */
		67A6DADA2494DA0300CD83ED /* Project object */ = {
			isa = PBXProject;
			attributes = {
				LastSwiftUpdateCheck = 1150;
				LastUpgradeCheck = 1150;
				ORGANIZATIONNAME = "Artem Kharichev";
				TargetAttributes = {
					67A6DAE12494DA0300CD83ED = {
						CreatedOnToolsVersion = 11.5;
					};
				};
			};
			buildConfigurationList = 67A6DADD2494DA0300CD83ED /* Build configuration list for PBXProject "Set Game" */;
			compatibilityVersion = "Xcode 9.3";
			developmentRegion = en;
			hasScannedForEncodings = 0;
			knownRegions = (
				en,
				Base,
			);
			mainGroup = 67A6DAD92494DA0300CD83ED;
			productRefGroup = 67A6DAE32494DA0300CD83ED /* Products */;
			projectDirPath = "";
			projectRoot = "";
			targets = (
				67A6DAE12494DA0300CD83ED /* Set Game */,
			);
		};
/* End PBXProject section */

/* Begin PBXResourcesBuildPhase section */
		67A6DAE02494DA0300CD83ED /* Resources */ = {
			isa = PBXResourcesBuildPhase;
			buildActionMask = 2147483647;
			files = (
				67A6DAF22494DA0600CD83ED /* LaunchScreen.storyboard in Resources */,
				67A6DAEF2494DA0500CD83ED /* Preview Assets.xcassets in Resources */,
				67A6DAEC2494DA0500CD83ED /* Assets.xcassets in Resources */,
			);
			runOnlyForDeploymentPostprocessing = 0;
		};
/* End PBXResourcesBuildPhase section */

/* Begin PBXSourcesBuildPhase section */
		67A6DADE2494DA0300CD83ED /* Sources */ = {
			isa = PBXSourcesBuildPhase;
			buildActionMask = 2147483647;
			files = (
				67A6DAE62494DA0300CD83ED /* AppDelegate.swift in Sources */,
				67A6DAE82494DA0300CD83ED /* SceneDelegate.swift in Sources */,
				67A6DB062494DE2900CD83ED /* SoloSetGameView.swift in Sources */,
				67A6DAFC2494DB7C00CD83ED /* GridLayout.swift in Sources */,
				67A6DB002494DD1200CD83ED /* SetGame.swift in Sources */,
				676FE7C02497CF7000908291 /* GameCard.swift in Sources */,
				67A6DB0A24953F2200CD83ED /* Figure.swift in Sources */,
				67A6DAFA2494DB5E00CD83ED /* Grid.swift in Sources */,
				67A6DB042494DDE400CD83ED /* SoloSetGame.swift in Sources */,
				67A6DAFE2494DBCE00CD83ED /* Array+Identifiable.swift in Sources */,
			);
			runOnlyForDeploymentPostprocessing = 0;
		};
/* End PBXSourcesBuildPhase section */

/* Begin PBXVariantGroup section */
		67A6DAF02494DA0600CD83ED /* LaunchScreen.storyboard */ = {
			isa = PBXVariantGroup;
			children = (
				67A6DAF12494DA0600CD83ED /* Base */,
			);
			name = LaunchScreen.storyboard;
			sourceTree = "<group>";
		};
/* End PBXVariantGroup section */

/* Begin XCBuildConfiguration section */
		67A6DAF42494DA0600CD83ED /* Debug */ = {
			isa = XCBuildConfiguration;
			buildSettings = {
				ALWAYS_SEARCH_USER_PATHS = NO;
				CLANG_ANALYZER_NONNULL = YES;
				CLANG_ANALYZER_NUMBER_OBJECT_CONVERSION = YES_AGGRESSIVE;
				CLANG_CXX_LANGUAGE_STANDARD = "gnu++14";
				CLANG_CXX_LIBRARY = "libc++";
				CLANG_ENABLE_MODULES = YES;
				CLANG_ENABLE_OBJC_ARC = YES;
				CLANG_ENABLE_OBJC_WEAK = YES;
				CLANG_WARN_BLOCK_CAPTURE_AUTORELEASING = YES;
				CLANG_WARN_BOOL_CONVERSION = YES;
				CLANG_WARN_COMMA = YES;
				CLANG_WARN_CONSTANT_CONVERSION = YES;
				CLANG_WARN_DEPRECATED_OBJC_IMPLEMENTATIONS = YES;
				CLANG_WARN_DIRECT_OBJC_ISA_USAGE = YES_ERROR;
				CLANG_WARN_DOCUMENTATION_COMMENTS = YES;
				CLANG_WARN_EMPTY_BODY = YES;
				CLANG_WARN_ENUM_CONVERSION = YES;
				CLANG_WARN_INFINITE_RECURSION = YES;
				CLANG_WARN_INT_CONVERSION = YES;
				CLANG_WARN_NON_LITERAL_NULL_CONVERSION = YES;
				CLANG_WARN_OBJC_IMPLICIT_RETAIN_SELF = YES;
				CLANG_WARN_OBJC_LITERAL_CONVERSION = YES;
				CLANG_WARN_OBJC_ROOT_CLASS = YES_ERROR;
				CLANG_WARN_RANGE_LOOP_ANALYSIS = YES;
				CLANG_WARN_STRICT_PROTOTYPES = YES;
				CLANG_WARN_SUSPICIOUS_MOVE = YES;
				CLANG_WARN_UNGUARDED_AVAILABILITY = YES_AGGRESSIVE;
				CLANG_WARN_UNREACHABLE_CODE = YES;
				CLANG_WARN__DUPLICATE_METHOD_MATCH = YES;
				COPY_PHASE_STRIP = NO;
				DEBUG_INFORMATION_FORMAT = dwarf;
				ENABLE_STRICT_OBJC_MSGSEND = YES;
				ENABLE_TESTABILITY = YES;
				GCC_C_LANGUAGE_STANDARD = gnu11;
				GCC_DYNAMIC_NO_PIC = NO;
				GCC_NO_COMMON_BLOCKS = YES;
				GCC_OPTIMIZATION_LEVEL = 0;
				GCC_PREPROCESSOR_DEFINITIONS = (
					"DEBUG=1",
					"$(inherited)",
				);
				GCC_WARN_64_TO_32_BIT_CONVERSION = YES;
				GCC_WARN_ABOUT_RETURN_TYPE = YES_ERROR;
				GCC_WARN_UNDECLARED_SELECTOR = YES;
				GCC_WARN_UNINITIALIZED_AUTOS = YES_AGGRESSIVE;
				GCC_WARN_UNUSED_FUNCTION = YES;
				GCC_WARN_UNUSED_VARIABLE = YES;
				IPHONEOS_DEPLOYMENT_TARGET = 13.5;
				MTL_ENABLE_DEBUG_INFO = INCLUDE_SOURCE;
				MTL_FAST_MATH = YES;
				ONLY_ACTIVE_ARCH = YES;
				SDKROOT = iphoneos;
				SWIFT_ACTIVE_COMPILATION_CONDITIONS = DEBUG;
				SWIFT_OPTIMIZATION_LEVEL = "-Onone";
			};
			name = Debug;
		};
		67A6DAF52494DA0600CD83ED /* Release */ = {
			isa = XCBuildConfiguration;
			buildSettings = {
				ALWAYS_SEARCH_USER_PATHS = NO;
				CLANG_ANALYZER_NONNULL = YES;
				CLANG_ANALYZER_NUMBER_OBJECT_CONVERSION = YES_AGGRESSIVE;
				CLANG_CXX_LANGUAGE_STANDARD = "gnu++14";
				CLANG_CXX_LIBRARY = "libc++";
				CLANG_ENABLE_MODULES = YES;
				CLANG_ENABLE_OBJC_ARC = YES;
				CLANG_ENABLE_OBJC_WEAK = YES;
				CLANG_WARN_BLOCK_CAPTURE_AUTORELEASING = YES;
				CLANG_WARN_BOOL_CONVERSION = YES;
				CLANG_WARN_COMMA = YES;
				CLANG_WARN_CONSTANT_CONVERSION = YES;
				CLANG_WARN_DEPRECATED_OBJC_IMPLEMENTATIONS = YES;
				CLANG_WARN_DIRECT_OBJC_ISA_USAGE = YES_ERROR;
				CLANG_WARN_DOCUMENTATION_COMMENTS = YES;
				CLANG_WARN_EMPTY_BODY = YES;
				CLANG_WARN_ENUM_CONVERSION = YES;
				CLANG_WARN_INFINITE_RECURSION = YES;
				CLANG_WARN_INT_CONVERSION = YES;
				CLANG_WARN_NON_LITERAL_NULL_CONVERSION = YES;
				CLANG_WARN_OBJC_IMPLICIT_RETAIN_SELF = YES;
				CLANG_WARN_OBJC_LITERAL_CONVERSION = YES;
				CLANG_WARN_OBJC_ROOT_CLASS = YES_ERROR;
				CLANG_WARN_RANGE_LOOP_ANALYSIS = YES;
				CLANG_WARN_STRICT_PROTOTYPES = YES;
				CLANG_WARN_SUSPICIOUS_MOVE = YES;
				CLANG_WARN_UNGUARDED_AVAILABILITY = YES_AGGRESSIVE;
				CLANG_WARN_UNREACHABLE_CODE = YES;
				CLANG_WARN__DUPLICATE_METHOD_MATCH = YES;
				COPY_PHASE_STRIP = NO;
				DEBUG_INFORMATION_FORMAT = "dwarf-with-dsym";
				ENABLE_NS_ASSERTIONS = NO;
				ENABLE_STRICT_OBJC_MSGSEND = YES;
				GCC_C_LANGUAGE_STANDARD = gnu11;
				GCC_NO_COMMON_BLOCKS = YES;
				GCC_WARN_64_TO_32_BIT_CONVERSION = YES;
				GCC_WARN_ABOUT_RETURN_TYPE = YES_ERROR;
				GCC_WARN_UNDECLARED_SELECTOR = YES;
				GCC_WARN_UNINITIALIZED_AUTOS = YES_AGGRESSIVE;
				GCC_WARN_UNUSED_FUNCTION = YES;
				GCC_WARN_UNUSED_VARIABLE = YES;
				IPHONEOS_DEPLOYMENT_TARGET = 13.5;
				MTL_ENABLE_DEBUG_INFO = NO;
				MTL_FAST_MATH = YES;
				SDKROOT = iphoneos;
				SWIFT_COMPILATION_MODE = wholemodule;
				SWIFT_OPTIMIZATION_LEVEL = "-O";
				VALIDATE_PRODUCT = YES;
			};
			name = Release;
		};
		67A6DAF72494DA0600CD83ED /* Debug */ = {
			isa = XCBuildConfiguration;
			buildSettings = {
				ASSETCATALOG_COMPILER_APPICON_NAME = AppIcon;
				CODE_SIGN_STYLE = Automatic;
				DEVELOPMENT_ASSET_PATHS = "\"Set Game/Preview Content\"";
				DEVELOPMENT_TEAM = T46S69N4HD;
				ENABLE_PREVIEWS = YES;
				INFOPLIST_FILE = "Set Game/Info.plist";
				LD_RUNPATH_SEARCH_PATHS = (
					"$(inherited)",
					"@executable_path/Frameworks",
				);
				PRODUCT_BUNDLE_IDENTIFIER = "Art.Kh.Set-Game";
				PRODUCT_NAME = "$(TARGET_NAME)";
				SWIFT_VERSION = 5.0;
				TARGETED_DEVICE_FAMILY = "1,2";
			};
			name = Debug;
		};
		67A6DAF82494DA0600CD83ED /* Release */ = {
			isa = XCBuildConfiguration;
			buildSettings = {
				ASSETCATALOG_COMPILER_APPICON_NAME = AppIcon;
				CODE_SIGN_STYLE = Automatic;
				DEVELOPMENT_ASSET_PATHS = "\"Set Game/Preview Content\"";
				DEVELOPMENT_TEAM = T46S69N4HD;
				ENABLE_PREVIEWS = YES;
				INFOPLIST_FILE = "Set Game/Info.plist";
				LD_RUNPATH_SEARCH_PATHS = (
					"$(inherited)",
					"@executable_path/Frameworks",
				);
				PRODUCT_BUNDLE_IDENTIFIER = "Art.Kh.Set-Game";
				PRODUCT_NAME = "$(TARGET_NAME)";
				SWIFT_VERSION = 5.0;
				TARGETED_DEVICE_FAMILY = "1,2";
			};
			name = Release;
		};
/* End XCBuildConfiguration section */

/* Begin XCConfigurationList section */
		67A6DADD2494DA0300CD83ED /* Build configuration list for PBXProject "Set Game" */ = {
			isa = XCConfigurationList;
			buildConfigurations = (
				67A6DAF42494DA0600CD83ED /* Debug */,
				67A6DAF52494DA0600CD83ED /* Release */,
			);
			defaultConfigurationIsVisible = 0;
			defaultConfigurationName = Release;
		};
		67A6DAF62494DA0600CD83ED /* Build configuration list for PBXNativeTarget "Set Game" */ = {
			isa = XCConfigurationList;
			buildConfigurations = (
				67A6DAF72494DA0600CD83ED /* Debug */,
				67A6DAF82494DA0600CD83ED /* Release */,
			);
			defaultConfigurationIsVisible = 0;
			defaultConfigurationName = Release;
		};
/* End XCConfigurationList section */
	};
	rootObject = 67A6DADA2494DA0300CD83ED /* Project object */;
}
